{
  "pins" : [
    {
      "identity" : "swift-argument-parser",
      "kind" : "remoteSourceControl",
      "location" : "https://github.com/apple/swift-argument-parser",
      "state" : {
        "revision" : "f3c9084a71ef4376f2fabbdf1d3d90a49f1fabdb",
        "version" : "1.1.2"
      }
    },
    {
      "identity" : "swift-package-utils",
      "kind" : "remoteSourceControl",
      "location" : "https://github.com/anreitersimon/swift-package-utils",
      "state" : {
        "branch" : "main",
        "revision" : "550e7ad52b2cdff98edc83a238c143c47c6a927b"
      }
    },
    {
      "identity" : "swift-syntax",
      "kind" : "remoteSourceControl",
      "location" : "https://github.com/apple/swift-syntax.git",
      "state" : {
        "branch" : "0.50600.1",
        "revision" : "0b6c22b97f8e9320bca62e82cdbee601cf37ad3f"
      }
    }
  ],
  "version" : 2
}
